
Microsoft Visual Studio Solution File, Format Version 12.00
# Visual Studio Version 16
VisualStudioVersion = 16.0.31025.194
MinimumVisualStudioVersion = 10.0.40219.1
Project("{FAE04EC0-301F-11D3-BF4B-00C04F79EFBC}") = "QRCodeGenerator", "QRCodeGenerator.csproj", "{C40A34D1-CFC3-400B-B4D3-2B4DEA42AEE7}"
EndProject
Global
	GlobalSection(SolutionConfigurationPlatforms) = preSolution
		Debug|Any CPU = Debug|Any CPU
		Release|Any CPU = Release|Any CPU
	EndGlobalSection
	GlobalSection(ProjectConfigurationPlatforms) = postSolution
		{C40A34D1-CFC3-400B-B4D3-2B4DEA42AEE7}.Debug|Any CPU.ActiveCfg = Debug|Any CPU
		{C40A34D1-CFC3-400B-B4D3-2B4DEA42AEE7}.Debug|Any CPU.Build.0 = Debug|Any CPU
		{C40A34D1-CFC3-400B-B4D3-2B4DEA42AEE7}.Release|Any CPU.ActiveCfg = Release|Any CPU
		{C40A34D1-CFC3-400B-B4D3-2B4DEA42AEE7}.Release|Any CPU.Build.0 = Release|Any CPU
	EndGlobalSection
	GlobalSection(SolutionProperties) = preSolution
		HideSolutionNode = FALSE
	EndGlobalSection
	GlobalSection(ExtensibilityGlobals) = postSolution
		SolutionGuid = {306C5C09-6A60-4E33-9967-501D21D6AF12}
	EndGlobalSection
EndGlobal
